
Microsoft Visual Studio Solution File, Format Version 12.00
# Visual Studio 2013
VisualStudioVersion = 12.0.40629.0
MinimumVisualStudioVersion = 10.0.40219.1
Project("{FAE04EC0-301F-11D3-BF4B-00C04F79EFBC}") = "IRTestToolApp", "IRTestToolApp\IRTestToolApp.csproj", "{C7EA20E7-350A-4FD9-A5FA-95FD03125410}"
EndProject
Project("{FAE04EC0-301F-11D3-BF4B-00C04F79EFBC}") = "IRControl", "IRControl\IRControl.csproj", "{0FB822BE-045F-493E-AE26-AC7919B436A5}"
EndProject
Global
	GlobalSection(SolutionConfigurationPlatforms) = preSolution
		Debug|Any CPU = Debug|Any CPU
		Release|Any CPU = Release|Any CPU
	EndGlobalSection
	GlobalSection(ProjectConfigurationPlatforms) = postSolution
		{C7EA20E7-350A-4FD9-A5FA-95FD03125410}.Debug|Any CPU.ActiveCfg = Debug|Any CPU
		{C7EA20E7-350A-4FD9-A5FA-95FD03125410}.Debug|Any CPU.Build.0 = Debug|Any CPU
		{C7EA20E7-350A-4FD9-A5FA-95FD03125410}.Release|Any CPU.ActiveCfg = Release|Any CPU
		{C7EA20E7-350A-4FD9-A5FA-95FD03125410}.Release|Any CPU.Build.0 = Release|Any CPU
		{0FB822BE-045F-493E-AE26-AC7919B436A5}.Debug|Any CPU.ActiveCfg = Debug|Any CPU
		{0FB822BE-045F-493E-AE26-AC7919B436A5}.Debug|Any CPU.Build.0 = Debug|Any CPU
		{0FB822BE-045F-493E-AE26-AC7919B436A5}.Release|Any CPU.ActiveCfg = Release|Any CPU
		{0FB822BE-045F-493E-AE26-AC7919B436A5}.Release|Any CPU.Build.0 = Release|Any CPU
	EndGlobalSection
	GlobalSection(SolutionProperties) = preSolution
		HideSolutionNode = FALSE
	EndGlobalSection
EndGlobal
